
Microsoft Visual Studio Solution File, Format Version 12.00
# Visual Studio 15
VisualStudioVersion = 15.0.27428.2043
MinimumVisualStudioVersion = 10.0.40219.1
Project("{FAE04EC0-301F-11D3-BF4B-00C04F79EFBC}") = "App1_ConsultarCep.Android", "App1_ConsultarCep\App1_ConsultarCep.Android\App1_ConsultarCep.Android.csproj", "{E792590E-0F5C-45F5-9E44-5F21E4D14561}"
EndProject
Project("{FAE04EC0-301F-11D3-BF4B-00C04F79EFBC}") = "App1_ConsultarCep.iOS", "App1_ConsultarCep\App1_ConsultarCep.iOS\App1_ConsultarCep.iOS.csproj", "{1B95E5EF-769B-4C62-A49F-6391EA35B1E8}"
EndProject
Project("{FAE04EC0-301F-11D3-BF4B-00C04F79EFBC}") = "App1_ConsultarCep.UWP", "App1_ConsultarCep\App1_ConsultarCep.UWP\App1_ConsultarCep.UWP.csproj", "{F668F7E5-1DC8-48DB-8550-7141C38011CD}"
EndProject
Project("{FAE04EC0-301F-11D3-BF4B-00C04F79EFBC}") = "App1_ConsultarCep", "App1_ConsultarCep\App1_ConsultarCep\App1_ConsultarCep.csproj", "{A0105FA5-D40D-4668-A37A-3BD2C4D8AB1D}"
EndProject
Global
	GlobalSection(SolutionConfigurationPlatforms) = preSolution
		Ad-Hoc|Any CPU = Ad-Hoc|Any CPU
		Ad-Hoc|ARM = Ad-Hoc|ARM
		Ad-Hoc|iPhone = Ad-Hoc|iPhone
		Ad-Hoc|iPhoneSimulator = Ad-Hoc|iPhoneSimulator
		Ad-Hoc|x64 = Ad-Hoc|x64
		Ad-Hoc|x86 = Ad-Hoc|x86
		AppStore|Any CPU = AppStore|Any CPU
		AppStore|ARM = AppStore|ARM
		AppStore|iPhone = AppStore|iPhone
		AppStore|iPhoneSimulator = AppStore|iPhoneSimulator
		AppStore|x64 = AppStore|x64
		AppStore|x86 = AppStore|x86
		Debug|Any CPU = Debug|Any CPU
		Debug|ARM = Debug|ARM
		Debug|iPhone = Debug|iPhone
		Debug|iPhoneSimulator = Debug|iPhoneSimulator
		Debug|x64 = Debug|x64
		Debug|x86 = Debug|x86
		Release|Any CPU = Release|Any CPU
		Release|ARM = Release|ARM
		Release|iPhone = Release|iPhone
		Release|iPhoneSimulator = Release|iPhoneSimulator
		Release|x64 = Release|x64
		Release|x86 = Release|x86
	EndGlobalSection
	GlobalSection(ProjectConfigurationPlatforms) = postSolution
		{E792590E-0F5C-45F5-9E44-5F21E4D14561}.Ad-Hoc|Any CPU.ActiveCfg = Release|Any CPU
		{E792590E-0F5C-45F5-9E44-5F21E4D14561}.Ad-Hoc|Any CPU.Build.0 = Release|Any CPU
		{E792590E-0F5C-45F5-9E44-5F21E4D14561}.Ad-Hoc|Any CPU.Deploy.0 = Release|Any CPU
		{E792590E-0F5C-45F5-9E44-5F21E4D14561}.Ad-Hoc|ARM.ActiveCfg = Release|Any CPU
		{E792590E-0F5C-45F5-9E44-5F21E4D14561}.Ad-Hoc|ARM.Build.0 = Release|Any CPU
		{E792590E-0F5C-45F5-9E44-5F21E4D14561}.Ad-Hoc|ARM.Deploy.0 = Release|Any CPU
		{E792590E-0F5C-45F5-9E44-5F21E4D14561}.Ad-Hoc|iPhone.ActiveCfg = Release|Any CPU
		{E792590E-0F5C-45F5-9E44-5F21E4D14561}.Ad-Hoc|iPhone.Build.0 = Release|Any CPU
		{E792590E-0F5C-45F5-9E44-5F21E4D14561}.Ad-Hoc|iPhone.Deploy.0 = Release|Any CPU
		{E792590E-0F5C-45F5-9E44-5F21E4D14561}.Ad-Hoc|iPhoneSimulator.ActiveCfg = Release|Any CPU
		{E792590E-0F5C-45F5-9E44-5F21E4D14561}.Ad-Hoc|iPhoneSimulator.Build.0 = Release|Any CPU
		{E792590E-0F5C-45F5-9E44-5F21E4D14561}.Ad-Hoc|iPhoneSimulator.Deploy.0 = Release|Any CPU
		{E792590E-0F5C-45F5-9E44-5F21E4D14561}.Ad-Hoc|x64.ActiveCfg = Release|Any CPU
		{E792590E-0F5C-45F5-9E44-5F21E4D14561}.Ad-Hoc|x64.Build.0 = Release|Any CPU
		{E792590E-0F5C-45F5-9E44-5F21E4D14561}.Ad-Hoc|x64.Deploy.0 = Release|Any CPU
		{E792590E-0F5C-45F5-9E44-5F21E4D14561}.Ad-Hoc|x86.ActiveCfg = Release|Any CPU
		{E792590E-0F5C-45F5-9E44-5F21E4D14561}.Ad-Hoc|x86.Build.0 = Release|Any CPU
		{E792590E-0F5C-45F5-9E44-5F21E4D14561}.Ad-Hoc|x86.Deploy.0 = Release|Any CPU
		{E792590E-0F5C-45F5-9E44-5F21E4D14561}.AppStore|Any CPU.ActiveCfg = Release|Any CPU
		{E792590E-0F5C-45F5-9E44-5F21E4D14561}.AppStore|Any CPU.Build.0 = Release|Any CPU
		{E792590E-0F5C-45F5-9E44-5F21E4D14561}.AppStore|Any CPU.Deploy.0 = Release|Any CPU
		{E792590E-0F5C-45F5-9E44-5F21E4D14561}.AppStore|ARM.ActiveCfg = Release|Any CPU
		{E792590E-0F5C-45F5-9E44-5F21E4D14561}.AppStore|ARM.Build.0 = Release|Any CPU
		{E792590E-0F5C-45F5-9E44-5F21E4D14561}.AppStore|ARM.Deploy.0 = Release|Any CPU
		{E792590E-0F5C-45F5-9E44-5F21E4D14561}.AppStore|iPhone.ActiveCfg = Release|Any CPU
		{E792590E-0F5C-45F5-9E44-5F21E4D14561}.AppStore|iPhone.Build.0 = Release|Any CPU
		{E792590E-0F5C-45F5-9E44-5F21E4D14561}.AppStore|iPhone.Deploy.0 = Release|Any CPU
		{E792590E-0F5C-45F5-9E44-5F21E4D14561}.AppStore|iPhoneSimulator.ActiveCfg = Release|Any CPU
		{E792590E-0F5C-45F5-9E44-5F21E4D14561}.AppStore|iPhoneSimulator.Build.0 = Release|Any CPU
		{E792590E-0F5C-45F5-9E44-5F21E4D14561}.AppStore|iPhoneSimulator.Deploy.0 = Release|Any CPU
		{E792590E-0F5C-45F5-9E44-5F21E4D14561}.AppStore|x64.ActiveCfg = Release|Any CPU
		{E792590E-0F5C-45F5-9E44-5F21E4D14561}.AppStore|x64.Build.0 = Release|Any CPU
		{E792590E-0F5C-45F5-9E44-5F21E4D14561}.AppStore|x64.Deploy.0 = Release|Any CPU
		{E792590E-0F5C-45F5-9E44-5F21E4D14561}.AppStore|x86.ActiveCfg = Release|Any CPU
		{E792590E-0F5C-45F5-9E44-5F21E4D14561}.AppStore|x86.Build.0 = Release|Any CPU
		{E792590E-0F5C-45F5-9E44-5F21E4D14561}.AppStore|x86.Deploy.0 = Release|Any CPU
		{E792590E-0F5C-45F5-9E44-5F21E4D14561}.Debug|Any CPU.ActiveCfg = Debug|Any CPU
		{E792590E-0F5C-45F5-9E44-5F21E4D14561}.Debug|Any CPU.Build.0 = Debug|Any CPU
		{E792590E-0F5C-45F5-9E44-5F21E4D14561}.Debug|Any CPU.Deploy.0 = Debug|Any CPU
		{E792590E-0F5C-45F5-9E44-5F21E4D14561}.Debug|ARM.ActiveCfg = Debug|Any CPU
		{E792590E-0F5C-45F5-9E44-5F21E4D14561}.Debug|ARM.Build.0 = Debug|Any CPU
		{E792590E-0F5C-45F5-9E44-5F21E4D14561}.Debug|ARM.Deploy.0 = Debug|Any CPU
		{E792590E-0F5C-45F5-9E44-5F21E4D14561}.Debug|iPhone.ActiveCfg = Debug|Any CPU
		{E792590E-0F5C-45F5-9E44-5F21E4D14561}.Debug|iPhone.Build.0 = Debug|Any CPU
		{E792590E-0F5C-45F5-9E44-5F21E4D14561}.Debug|iPhone.Deploy.0 = Debug|Any CPU
		{E792590E-0F5C-45F5-9E44-5F21E4D14561}.Debug|iPhoneSimulator.ActiveCfg = Debug|Any CPU
		{E792590E-0F5C-45F5-9E44-5F21E4D14561}.Debug|iPhoneSimulator.Build.0 = Debug|Any CPU
		{E792590E-0F5C-45F5-9E44-5F21E4D14561}.Debug|iPhoneSimulator.Deploy.0 = Debug|Any CPU
		{E792590E-0F5C-45F5-9E44-5F21E4D14561}.Debug|x64.ActiveCfg = Debug|Any CPU
		{E792590E-0F5C-45F5-9E44-5F21E4D14561}.Debug|x64.Build.0 = Debug|Any CPU
		{E792590E-0F5C-45F5-9E44-5F21E4D14561}.Debug|x64.Deploy.0 = Debug|Any CPU
		{E792590E-0F5C-45F5-9E44-5F21E4D14561}.Debug|x86.ActiveCfg = Debug|Any CPU
		{E792590E-0F5C-45F5-9E44-5F21E4D14561}.Debug|x86.Build.0 = Debug|Any CPU
		{E792590E-0F5C-45F5-9E44-5F21E4D14561}.Debug|x86.Deploy.0 = Debug|Any CPU
		{E792590E-0F5C-45F5-9E44-5F21E4D14561}.Release|Any CPU.ActiveCfg = Release|Any CPU
		{E792590E-0F5C-45F5-9E44-5F21E4D14561}.Release|Any CPU.Build.0 = Release|Any CPU
		{E792590E-0F5C-45F5-9E44-5F21E4D14561}.Release|Any CPU.Deploy.0 = Release|Any CPU
		{E792590E-0F5C-45F5-9E44-5F21E4D14561}.Release|ARM.ActiveCfg = Release|Any CPU
		{E792590E-0F5C-45F5-9E44-5F21E4D14561}.Release|ARM.Build.0 = Release|Any CPU
		{E792590E-0F5C-45F5-9E44-5F21E4D14561}.Release|ARM.Deploy.0 = Release|Any CPU
		{E792590E-0F5C-45F5-9E44-5F21E4D14561}.Release|iPhone.ActiveCfg = Release|Any CPU
		{E792590E-0F5C-45F5-9E44-5F21E4D14561}.Release|iPhone.Build.0 = Release|Any CPU
		{E792590E-0F5C-45F5-9E44-5F21E4D14561}.Release|iPhone.Deploy.0 = Release|Any CPU
		{E792590E-0F5C-45F5-9E44-5F21E4D14561}.Release|iPhoneSimulator.ActiveCfg = Release|Any CPU
		{E792590E-0F5C-45F5-9E44-5F21E4D14561}.Release|iPhoneSimulator.Build.0 = Release|Any CPU
		{E792590E-0F5C-45F5-9E44-5F21E4D14561}.Release|iPhoneSimulator.Deploy.0 = Release|Any CPU
		{E792590E-0F5C-45F5-9E44-5F21E4D14561}.Release|x64.ActiveCfg = Release|Any CPU
		{E792590E-0F5C-45F5-9E44-5F21E4D14561}.Release|x64.Build.0 = Release|Any CPU
		{E792590E-0F5C-45F5-9E44-5F21E4D14561}.Release|x64.Deploy.0 = Release|Any CPU
		{E792590E-0F5C-45F5-9E44-5F21E4D14561}.Release|x86.ActiveCfg = Release|Any CPU
		{E792590E-0F5C-45F5-9E44-5F21E4D14561}.Release|x86.Build.0 = Release|Any CPU
		{E792590E-0F5C-45F5-9E44-5F21E4D14561}.Release|x86.Deploy.0 = Release|Any CPU
		{1B95E5EF-769B-4C62-A49F-6391EA35B1E8}.Ad-Hoc|Any CPU.ActiveCfg = Ad-Hoc|iPhone
		{1B95E5EF-769B-4C62-A49F-6391EA35B1E8}.Ad-Hoc|ARM.ActiveCfg = Ad-Hoc|iPhone
		{1B95E5EF-769B-4C62-A49F-6391EA35B1E8}.Ad-Hoc|iPhone.ActiveCfg = Ad-Hoc|iPhone
		{1B95E5EF-769B-4C62-A49F-6391EA35B1E8}.Ad-Hoc|iPhone.Build.0 = Ad-Hoc|iPhone
		{1B95E5EF-769B-4C62-A49F-6391EA35B1E8}.Ad-Hoc|iPhoneSimulator.ActiveCfg = Ad-Hoc|iPhoneSimulator
		{1B95E5EF-769B-4C62-A49F-6391EA35B1E8}.Ad-Hoc|iPhoneSimulator.Build.0 = Ad-Hoc|iPhoneSimulator
		{1B95E5EF-769B-4C62-A49F-6391EA35B1E8}.Ad-Hoc|x64.ActiveCfg = Ad-Hoc|iPhone
		{1B95E5EF-769B-4C62-A49F-6391EA35B1E8}.Ad-Hoc|x86.ActiveCfg = Ad-Hoc|iPhone
		{1B95E5EF-769B-4C62-A49F-6391EA35B1E8}.AppStore|Any CPU.ActiveCfg = AppStore|iPhone
		{1B95E5EF-769B-4C62-A49F-6391EA35B1E8}.AppStore|ARM.ActiveCfg = AppStore|iPhone
		{1B95E5EF-769B-4C62-A49F-6391EA35B1E8}.AppStore|iPhone.ActiveCfg = AppStore|iPhone
		{1B95E5EF-769B-4C62-A49F-6391EA35B1E8}.AppStore|iPhone.Build.0 = AppStore|iPhone
		{1B95E5EF-769B-4C62-A49F-6391EA35B1E8}.AppStore|iPhoneSimulator.ActiveCfg = AppStore|iPhoneSimulator
		{1B95E5EF-769B-4C62-A49F-6391EA35B1E8}.AppStore|iPhoneSimulator.Build.0 = AppStore|iPhoneSimulator
		{1B95E5EF-769B-4C62-A49F-6391EA35B1E8}.AppStore|x64.ActiveCfg = AppStore|iPhone
		{1B95E5EF-769B-4C62-A49F-6391EA35B1E8}.AppStore|x86.ActiveCfg = AppStore|iPhone
		{1B95E5EF-769B-4C62-A49F-6391EA35B1E8}.Debug|Any CPU.ActiveCfg = Debug|iPhone
		{1B95E5EF-769B-4C62-A49F-6391EA35B1E8}.Debug|ARM.ActiveCfg = Debug|iPhone
		{1B95E5EF-769B-4C62-A49F-6391EA35B1E8}.Debug|iPhone.ActiveCfg = Debug|iPhone
		{1B95E5EF-769B-4C62-A49F-6391EA35B1E8}.Debug|iPhone.Build.0 = Debug|iPhone
		{1B95E5EF-769B-4C62-A49F-6391EA35B1E8}.Debug|iPhoneSimulator.ActiveCfg = Debug|iPhoneSimulator
		{1B95E5EF-769B-4C62-A49F-6391EA35B1E8}.Debug|iPhoneSimulator.Build.0 = Debug|iPhoneSimulator
		{1B95E5EF-769B-4C62-A49F-6391EA35B1E8}.Debug|x64.ActiveCfg = Debug|iPhone
		{1B95E5EF-769B-4C62-A49F-6391EA35B1E8}.Debug|x86.ActiveCfg = Debug|iPhone
		{1B95E5EF-769B-4C62-A49F-6391EA35B1E8}.Release|Any CPU.ActiveCfg = Release|iPhone
		{1B95E5EF-769B-4C62-A49F-6391EA35B1E8}.Release|ARM.ActiveCfg = Release|iPhone
		{1B95E5EF-769B-4C62-A49F-6391EA35B1E8}.Release|iPhone.ActiveCfg = Release|iPhone
		{1B95E5EF-769B-4C62-A49F-6391EA35B1E8}.Release|iPhone.Build.0 = Release|iPhone
		{1B95E5EF-769B-4C62-A49F-6391EA35B1E8}.Release|iPhoneSimulator.ActiveCfg = Release|iPhoneSimulator
		{1B95E5EF-769B-4C62-A49F-6391EA35B1E8}.Release|iPhoneSimulator.Build.0 = Release|iPhoneSimulator
		{1B95E5EF-769B-4C62-A49F-6391EA35B1E8}.Release|x64.ActiveCfg = Release|iPhone
		{1B95E5EF-769B-4C62-A49F-6391EA35B1E8}.Release|x86.ActiveCfg = Release|iPhone
		{F668F7E5-1DC8-48DB-8550-7141C38011CD}.Ad-Hoc|Any CPU.ActiveCfg = Release|x86
		{F668F7E5-1DC8-48DB-8550-7141C38011CD}.Ad-Hoc|Any CPU.Build.0 = Release|x86
		{F668F7E5-1DC8-48DB-8550-7141C38011CD}.Ad-Hoc|Any CPU.Deploy.0 = Release|x86
		{F668F7E5-1DC8-48DB-8550-7141C38011CD}.Ad-Hoc|ARM.ActiveCfg = Release|ARM
		{F668F7E5-1DC8-48DB-8550-7141C38011CD}.Ad-Hoc|ARM.Build.0 = Release|ARM
		{F668F7E5-1DC8-48DB-8550-7141C38011CD}.Ad-Hoc|ARM.Deploy.0 = Release|ARM
		{F668F7E5-1DC8-48DB-8550-7141C38011CD}.Ad-Hoc|iPhone.ActiveCfg = Release|x86
		{F668F7E5-1DC8-48DB-8550-7141C38011CD}.Ad-Hoc|iPhone.Build.0 = Release|x86
		{F668F7E5-1DC8-48DB-8550-7141C38011CD}.Ad-Hoc|iPhone.Deploy.0 = Release|x86
		{F668F7E5-1DC8-48DB-8550-7141C38011CD}.Ad-Hoc|iPhoneSimulator.ActiveCfg = Release|x86
		{F668F7E5-1DC8-48DB-8550-7141C38011CD}.Ad-Hoc|iPhoneSimulator.Build.0 = Release|x86
		{F668F7E5-1DC8-48DB-8550-7141C38011CD}.Ad-Hoc|iPhoneSimulator.Deploy.0 = Release|x86
		{F668F7E5-1DC8-48DB-8550-7141C38011CD}.Ad-Hoc|x64.ActiveCfg = Release|x64
		{F668F7E5-1DC8-48DB-8550-7141C38011CD}.Ad-Hoc|x64.Build.0 = Release|x64
		{F668F7E5-1DC8-48DB-8550-7141C38011CD}.Ad-Hoc|x64.Deploy.0 = Release|x64
		{F668F7E5-1DC8-48DB-8550-7141C38011CD}.Ad-Hoc|x86.ActiveCfg = Release|x86
		{F668F7E5-1DC8-48DB-8550-7141C38011CD}.Ad-Hoc|x86.Build.0 = Release|x86
		{F668F7E5-1DC8-48DB-8550-7141C38011CD}.Ad-Hoc|x86.Deploy.0 = Release|x86
		{F668F7E5-1DC8-48DB-8550-7141C38011CD}.AppStore|Any CPU.ActiveCfg = Release|x86
		{F668F7E5-1DC8-48DB-8550-7141C38011CD}.AppStore|Any CPU.Build.0 = Release|x86
		{F668F7E5-1DC8-48DB-8550-7141C38011CD}.AppStore|Any CPU.Deploy.0 = Release|x86
		{F668F7E5-1DC8-48DB-8550-7141C38011CD}.AppStore|ARM.ActiveCfg = Release|ARM
		{F668F7E5-1DC8-48DB-8550-7141C38011CD}.AppStore|ARM.Build.0 = Release|ARM
		{F668F7E5-1DC8-48DB-8550-7141C38011CD}.AppStore|ARM.Deploy.0 = Release|ARM
		{F668F7E5-1DC8-48DB-8550-7141C38011CD}.AppStore|iPhone.ActiveCfg = Release|x86
		{F668F7E5-1DC8-48DB-8550-7141C38011CD}.AppStore|iPhone.Build.0 = Release|x86
		{F668F7E5-1DC8-48DB-8550-7141C38011CD}.AppStore|iPhone.Deploy.0 = Release|x86
		{F668F7E5-1DC8-48DB-8550-7141C38011CD}.AppStore|iPhoneSimulator.ActiveCfg = Release|x86
		{F668F7E5-1DC8-48DB-8550-7141C38011CD}.AppStore|iPhoneSimulator.Build.0 = Release|x86
		{F668F7E5-1DC8-48DB-8550-7141C38011CD}.AppStore|iPhoneSimulator.Deploy.0 = Release|x86
		{F668F7E5-1DC8-48DB-8550-7141C38011CD}.AppStore|x64.ActiveCfg = Release|x64
		{F668F7E5-1DC8-48DB-8550-7141C38011CD}.AppStore|x64.Build.0 = Release|x64
		{F668F7E5-1DC8-48DB-8550-7141C38011CD}.AppStore|x64.Deploy.0 = Release|x64
		{F668F7E5-1DC8-48DB-8550-7141C38011CD}.AppStore|x86.ActiveCfg = Release|x86
		{F668F7E5-1DC8-48DB-8550-7141C38011CD}.AppStore|x86.Build.0 = Release|x86
		{F668F7E5-1DC8-48DB-8550-7141C38011CD}.AppStore|x86.Deploy.0 = Release|x86
		{F668F7E5-1DC8-48DB-8550-7141C38011CD}.Debug|Any CPU.ActiveCfg = Debug|x86
		{F668F7E5-1DC8-48DB-8550-7141C38011CD}.Debug|ARM.ActiveCfg = Debug|ARM
		{F668F7E5-1DC8-48DB-8550-7141C38011CD}.Debug|ARM.Build.0 = Debug|ARM
		{F668F7E5-1DC8-48DB-8550-7141C38011CD}.Debug|ARM.Deploy.0 = Debug|ARM
		{F668F7E5-1DC8-48DB-8550-7141C38011CD}.Debug|iPhone.ActiveCfg = Debug|x86
		{F668F7E5-1DC8-48DB-8550-7141C38011CD}.Debug|iPhoneSimulator.ActiveCfg = Debug|x86
		{F668F7E5-1DC8-48DB-8550-7141C38011CD}.Debug|x64.ActiveCfg = Debug|x64
		{F668F7E5-1DC8-48DB-8550-7141C38011CD}.Debug|x64.Build.0 = Debug|x64
		{F668F7E5-1DC8-48DB-8550-7141C38011CD}.Debug|x64.Deploy.0 = Debug|x64
		{F668F7E5-1DC8-48DB-8550-7141C38011CD}.Debug|x86.ActiveCfg = Debug|x86
		{F668F7E5-1DC8-48DB-8550-7141C38011CD}.Debug|x86.Build.0 = Debug|x86
		{F668F7E5-1DC8-48DB-8550-7141C38011CD}.Debug|x86.Deploy.0 = Debug|x86
		{F668F7E5-1DC8-48DB-8550-7141C38011CD}.Release|Any CPU.ActiveCfg = Release|x86
		{F668F7E5-1DC8-48DB-8550-7141C38011CD}.Release|ARM.ActiveCfg = Release|ARM
		{F668F7E5-1DC8-48DB-8550-7141C38011CD}.Release|ARM.Build.0 = Release|ARM
		{F668F7E5-1DC8-48DB-8550-7141C38011CD}.Release|ARM.Deploy.0 = Release|ARM
		{F668F7E5-1DC8-48DB-8550-7141C38011CD}.Release|iPhone.ActiveCfg = Release|x86
		{F668F7E5-1DC8-48DB-8550-7141C38011CD}.Release|iPhoneSimulator.ActiveCfg = Release|x86
		{F668F7E5-1DC8-48DB-8550-7141C38011CD}.Release|x64.ActiveCfg = Release|x64
		{F668F7E5-1DC8-48DB-8550-7141C38011CD}.Release|x64.Build.0 = Release|x64
		{F668F7E5-1DC8-48DB-8550-7141C38011CD}.Release|x64.Deploy.0 = Release|x64
		{F668F7E5-1DC8-48DB-8550-7141C38011CD}.Release|x86.ActiveCfg = Release|x86
		{F668F7E5-1DC8-48DB-8550-7141C38011CD}.Release|x86.Build.0 = Release|x86
		{F668F7E5-1DC8-48DB-8550-7141C38011CD}.Release|x86.Deploy.0 = Release|x86
		{A0105FA5-D40D-4668-A37A-3BD2C4D8AB1D}.Ad-Hoc|Any CPU.ActiveCfg = Debug|Any CPU
		{A0105FA5-D40D-4668-A37A-3BD2C4D8AB1D}.Ad-Hoc|Any CPU.Build.0 = Debug|Any CPU
		{A0105FA5-D40D-4668-A37A-3BD2C4D8AB1D}.Ad-Hoc|ARM.ActiveCfg = Debug|Any CPU
		{A0105FA5-D40D-4668-A37A-3BD2C4D8AB1D}.Ad-Hoc|ARM.Build.0 = Debug|Any CPU
		{A0105FA5-D40D-4668-A37A-3BD2C4D8AB1D}.Ad-Hoc|iPhone.ActiveCfg = Debug|Any CPU
		{A0105FA5-D40D-4668-A37A-3BD2C4D8AB1D}.Ad-Hoc|iPhone.Build.0 = Debug|Any CPU
		{A0105FA5-D40D-4668-A37A-3BD2C4D8AB1D}.Ad-Hoc|iPhoneSimulator.ActiveCfg = Debug|Any CPU
		{A0105FA5-D40D-4668-A37A-3BD2C4D8AB1D}.Ad-Hoc|iPhoneSimulator.Build.0 = Debug|Any CPU
		{A0105FA5-D40D-4668-A37A-3BD2C4D8AB1D}.Ad-Hoc|x64.ActiveCfg = Debug|Any CPU
		{A0105FA5-D40D-4668-A37A-3BD2C4D8AB1D}.Ad-Hoc|x64.Build.0 = Debug|Any CPU
		{A0105FA5-D40D-4668-A37A-3BD2C4D8AB1D}.Ad-Hoc|x86.ActiveCfg = Debug|Any CPU
		{A0105FA5-D40D-4668-A37A-3BD2C4D8AB1D}.Ad-Hoc|x86.Build.0 = Debug|Any CPU
		{A0105FA5-D40D-4668-A37A-3BD2C4D8AB1D}.AppStore|Any CPU.ActiveCfg = Debug|Any CPU
		{A0105FA5-D40D-4668-A37A-3BD2C4D8AB1D}.AppStore|Any CPU.Build.0 = Debug|Any CPU
		{A0105FA5-D40D-4668-A37A-3BD2C4D8AB1D}.AppStore|ARM.ActiveCfg = Debug|Any CPU
		{A0105FA5-D40D-4668-A37A-3BD2C4D8AB1D}.AppStore|ARM.Build.0 = Debug|Any CPU
		{A0105FA5-D40D-4668-A37A-3BD2C4D8AB1D}.AppStore|iPhone.ActiveCfg = Debug|Any CPU
		{A0105FA5-D40D-4668-A37A-3BD2C4D8AB1D}.AppStore|iPhone.Build.0 = Debug|Any CPU
		{A0105FA5-D40D-4668-A37A-3BD2C4D8AB1D}.AppStore|iPhoneSimulator.ActiveCfg = Debug|Any CPU
		{A0105FA5-D40D-4668-A37A-3BD2C4D8AB1D}.AppStore|iPhoneSimulator.Build.0 = Debug|Any CPU
		{A0105FA5-D40D-4668-A37A-3BD2C4D8AB1D}.AppStore|x64.ActiveCfg = Debug|Any CPU
		{A0105FA5-D40D-4668-A37A-3BD2C4D8AB1D}.AppStore|x64.Build.0 = Debug|Any CPU
		{A0105FA5-D40D-4668-A37A-3BD2C4D8AB1D}.AppStore|x86.ActiveCfg = Debug|Any CPU
		{A0105FA5-D40D-4668-A37A-3BD2C4D8AB1D}.AppStore|x86.Build.0 = Debug|Any CPU
		{A0105FA5-D40D-4668-A37A-3BD2C4D8AB1D}.Debug|Any CPU.ActiveCfg = Debug|Any CPU
		{A0105FA5-D40D-4668-A37A-3BD2C4D8AB1D}.Debug|Any CPU.Build.0 = Debug|Any CPU
		{A0105FA5-D40D-4668-A37A-3BD2C4D8AB1D}.Debug|ARM.ActiveCfg = Debug|Any CPU
		{A0105FA5-D40D-4668-A37A-3BD2C4D8AB1D}.Debug|ARM.Build.0 = Debug|Any CPU
		{A0105FA5-D40D-4668-A37A-3BD2C4D8AB1D}.Debug|iPhone.ActiveCfg = Debug|Any CPU
		{A0105FA5-D40D-4668-A37A-3BD2C4D8AB1D}.Debug|iPhone.Build.0 = Debug|Any CPU
		{A0105FA5-D40D-4668-A37A-3BD2C4D8AB1D}.Debug|iPhoneSimulator.ActiveCfg = Debug|Any CPU
		{A0105FA5-D40D-4668-A37A-3BD2C4D8AB1D}.Debug|iPhoneSimulator.Build.0 = Debug|Any CPU
		{A0105FA5-D40D-4668-A37A-3BD2C4D8AB1D}.Debug|x64.ActiveCfg = Debug|Any CPU
		{A0105FA5-D40D-4668-A37A-3BD2C4D8AB1D}.Debug|x64.Build.0 = Debug|Any CPU
		{A0105FA5-D40D-4668-A37A-3BD2C4D8AB1D}.Debug|x86.ActiveCfg = Debug|Any CPU
		{A0105FA5-D40D-4668-A37A-3BD2C4D8AB1D}.Debug|x86.Build.0 = Debug|Any CPU
		{A0105FA5-D40D-4668-A37A-3BD2C4D8AB1D}.Release|Any CPU.ActiveCfg = Release|Any CPU
		{A0105FA5-D40D-4668-A37A-3BD2C4D8AB1D}.Release|Any CPU.Build.0 = Release|Any CPU
		{A0105FA5-D40D-4668-A37A-3BD2C4D8AB1D}.Release|ARM.ActiveCfg = Release|Any CPU
		{A0105FA5-D40D-4668-A37A-3BD2C4D8AB1D}.Release|ARM.Build.0 = Release|Any CPU
		{A0105FA5-D40D-4668-A37A-3BD2C4D8AB1D}.Release|iPhone.ActiveCfg = Release|Any CPU
		{A0105FA5-D40D-4668-A37A-3BD2C4D8AB1D}.Release|iPhone.Build.0 = Release|Any CPU
		{A0105FA5-D40D-4668-A37A-3BD2C4D8AB1D}.Release|iPhoneSimulator.ActiveCfg = Release|Any CPU
		{A0105FA5-D40D-4668-A37A-3BD2C4D8AB1D}.Release|iPhoneSimulator.Build.0 = Release|Any CPU
		{A0105FA5-D40D-4668-A37A-3BD2C4D8AB1D}.Release|x64.ActiveCfg = Release|Any CPU
		{A0105FA5-D40D-4668-A37A-3BD2C4D8AB1D}.Release|x64.Build.0 = Release|Any CPU
		{A0105FA5-D40D-4668-A37A-3BD2C4D8AB1D}.Release|x86.ActiveCfg = Release|Any CPU
		{A0105FA5-D40D-4668-A37A-3BD2C4D8AB1D}.Release|x86.Build.0 = Release|Any CPU
	EndGlobalSection
	GlobalSection(SolutionProperties) = preSolution
		HideSolutionNode = FALSE
	EndGlobalSection
	GlobalSection(ExtensibilityGlobals) = postSolution
		SolutionGuid = {61050E7B-2BBC-4113-BEE6-DE979627B8ED}
	EndGlobalSection
EndGlobal
